
Microsoft Visual Studio Solution File, Format Version 12.00
# Visual Studio Version 17
VisualStudioVersion = 17.4.33205.214
MinimumVisualStudioVersion = 10.0.40219.1
Project("{FAE04EC0-301F-11D3-BF4B-00C04F79EFBC}") = "BookStore-Api", "BookStore-Api\BookStore-Api.csproj", "{57E3D146-60D1-4633-AD48-5E730EEFCDFF}"
EndProject
Project("{FAE04EC0-301F-11D3-BF4B-00C04F79EFBC}") = "Book.Core", "BookServices\Book.Core.csproj", "{1AB046DD-B05F-41EF-91A0-A0F676991A26}"
EndProject
Global
	GlobalSection(SolutionConfigurationPlatforms) = preSolution
		Debug|Any CPU = Debug|Any CPU
		Release|Any CPU = Release|Any CPU
	EndGlobalSection
	GlobalSection(ProjectConfigurationPlatforms) = postSolution
		{57E3D146-60D1-4633-AD48-5E730EEFCDFF}.Debug|Any CPU.ActiveCfg = Debug|Any CPU
		{57E3D146-60D1-4633-AD48-5E730EEFCDFF}.Debug|Any CPU.Build.0 = Debug|Any CPU
		{57E3D146-60D1-4633-AD48-5E730EEFCDFF}.Release|Any CPU.ActiveCfg = Release|Any CPU
		{57E3D146-60D1-4633-AD48-5E730EEFCDFF}.Release|Any CPU.Build.0 = Release|Any CPU
		{1AB046DD-B05F-41EF-91A0-A0F676991A26}.Debug|Any CPU.ActiveCfg = Debug|Any CPU
		{1AB046DD-B05F-41EF-91A0-A0F676991A26}.Debug|Any CPU.Build.0 = Debug|Any CPU
		{1AB046DD-B05F-41EF-91A0-A0F676991A26}.Release|Any CPU.ActiveCfg = Release|Any CPU
		{1AB046DD-B05F-41EF-91A0-A0F676991A26}.Release|Any CPU.Build.0 = Release|Any CPU
	EndGlobalSection
	GlobalSection(SolutionProperties) = preSolution
		HideSolutionNode = FALSE
	EndGlobalSection
	GlobalSection(ExtensibilityGlobals) = postSolution
		SolutionGuid = {F4920322-CE09-4D9F-8364-6CAFFEA1AA3A}
	EndGlobalSection
EndGlobal
